lockfileVersion: '9.0'

settings:
  autoInstallPeers: true
  excludeLinksFromLockfile: false

importers:

  .:
    dependencies:
      prosemirror-model:
        specifier: ^1.25.4
        version: 1.25.11
      y-prosemirror:
        specifier: ^1.3.7
        version: 1.3.7(prosemirror-model@1.25.11)(prosemirror-state@1.4.4)(prosemirror-view@1.42.3)(y-protocols@1.0.7(yjs@13.6.32))(yjs@13.6.32)
      yjs:
        specifier: ^13.6.28
        version: 13.6.32

packages:

  isomorphic.js@0.2.5:
    resolution: {integrity: sha512-PIeMbHqMt4DnUP3MA/Flc0HElYjMXArsw1qwJZcm9sqR8mq3l8NYizFMty0pWwE/tzIGH3EKK5+jes5mAr85yw==}

  lib0@0.2.117:
    resolution: {integrity: sha512-DeXj9X5xDCjgKLU/7RR+/HQEVzuuEUiwldwOGsHK/sfAfELGWEyTcf0x+uOvCvK3O2zPmZePXWL85vtia6GyZw==}
    engines: {node: '>=16'}
    hasBin: true

  orderedmap@2.1.1:
    resolution: {integrity: sha512-TvAWxi0nDe1j/rtMcWcIj94+Ffe6n7zhow33h40SKxmsmozs6dz/e+EajymfoFcHd7sxNn8yHM8839uixMOV6g==}

  prosemirror-model@1.25.11:
    resolution: {integrity: sha512-QWg9RhnpLlogAmp3p96uEFrE5txQpFynd4vhBAELkwgOCWQs/X0yCzB3/hrHqiPwf91RG5KyWq6553zs9JqIOQ==}

  prosemirror-state@1.4.4:
    resolution: {integrity: sha512-6jiYHH2CIGbCfnxdHbXZ12gySFY/fz/ulZE333G6bPqIZ4F+TXo9ifiR86nAHpWnfoNjOb3o5ESi7J8Uz1jXHw==}

  prosemirror-transform@1.12.0:
    resolution: {integrity: sha512-GxboyN4AMIsoHNtz5uf2r2Ru551i5hWeCMD6E2Ib4Eogqoub0NflniaBPVQ4MrGE5yZ8JV9tUHg9qcZTTrcN4w==}

  prosemirror-view@1.42.3:
    resolution: {integrity: sha512-oTN7EtH+CpwxU9NrwEYWd0UZ4JUx7l048l5A2Xppm4p/60isZYLnth9QVQmC3VRIvdrIWCxwZSd+Uz791G31/w==}

  y-prosemirror@1.3.7:
    resolution: {integrity: sha512-NpM99WSdD4Fx4if5xOMDpPtU3oAmTSjlzh5U4353ABbRHl1HtAFUx6HlebLZfyFxXN9jzKMDkVbcRjqOZVkYQg==}
    engines: {node: '>=16.0.0', npm: '>=8.0.0'}
    peerDependencies:
      prosemirror-model: ^1.7.1
      prosemirror-state: ^1.2.3
      prosemirror-view: ^1.9.10
      y-protocols: ^1.0.1
      yjs: ^13.5.38

  y-protocols@1.0.7:
    resolution: {integrity: sha512-YSVsLoXxO67J6eE/nV4AtFtT3QEotZf5sK5BHxFBXso7VDUT3Tx07IfA6hsu5Q5OmBdMkQVmFZ9QOA7fikWvnw==}
    engines: {node: '>=16.0.0', npm: '>=8.0.0'}
    peerDependencies:
      yjs: ^13.0.0

  yjs@13.6.32:
    resolution: {integrity: sha512-lfiJIIC4Xayt5ItynE407ehlE03pCjeOc4hkR4yxxvvNJ4kuiN25B0g+Qp8XagYz361LLL7DCzR5bvFJ81QKtQ==}
    engines: {node: '>=16.0.0', npm: '>=8.0.0'}

snapshots:

  isomorphic.js@0.2.5: {}

  lib0@0.2.117:
    dependencies:
      isomorphic.js: 0.2.5

  orderedmap@2.1.1: {}

  prosemirror-model@1.25.11:
    dependencies:
      orderedmap: 2.1.1

  prosemirror-state@1.4.4:
    dependencies:
      prosemirror-model: 1.25.11
      prosemirror-transform: 1.12.0
      prosemirror-view: 1.42.3

  prosemirror-transform@1.12.0:
    dependencies:
      prosemirror-model: 1.25.11

  prosemirror-view@1.42.3:
    dependencies:
      prosemirror-model: 1.25.11
      prosemirror-state: 1.4.4
      prosemirror-transform: 1.12.0

  y-prosemirror@1.3.7(prosemirror-model@1.25.11)(prosemirror-state@1.4.4)(prosemirror-view@1.42.3)(y-protocols@1.0.7(yjs@13.6.32))(yjs@13.6.32):
    dependencies:
      lib0: 0.2.117
      prosemirror-model: 1.25.11
      prosemirror-state: 1.4.4
      prosemirror-view: 1.42.3
      y-protocols: 1.0.7(yjs@13.6.32)
      yjs: 13.6.32

  y-protocols@1.0.7(yjs@13.6.32):
    dependencies:
      lib0: 0.2.117
      yjs: 13.6.32

  yjs@13.6.32:
    dependencies:
      lib0: 0.2.117
